// !$*UTF8*$!
{
	archiveVersion = 1;
	classes = {
	};
	objectVersion = 50;
	objects = {

/* Begin PBXBuildFile section */
		E95073F722849684000BE472 /* SaberOff.mp3 in Resources */ = {isa = PBXBuildFile; fileRef = E95073F622849684000BE472 /* SaberOff.mp3 */; };
		E990B59E228006950047467C /* AppDelegate.swift in Sources */ = {isa = PBXBuildFile; fileRef = E990B59D228006950047467C /* AppDelegate.swift */; };
		E990B5A0228006950047467C /* MainViewController.swift in Sources */ = {isa = PBXBuildFile; fileRef = E990B59F228006950047467C /* MainViewController.swift */; };
		E990B5A5228006960047467C /* Assets.xcassets in Resources */ = {isa = PBXBuildFile; fileRef = E990B5A4228006960047467C /* Assets.xcassets */; };
		E990B5A8228006960047467C /* LaunchScreen.storyboard in Resources */ = {isa = PBXBuildFile; fileRef = E990B5A6228006960047467C /* LaunchScreen.storyboard */; };
		E990B5B2228006D60047467C /* MainView.swift in Sources */ = {isa = PBXBuildFile; fileRef = E990B5B1228006D60047467C /* MainView.swift */; };
		E990B5BE2280A35E0047467C /* Extensions.swift in Sources */ = {isa = PBXBuildFile; fileRef = E990B5BD2280A35E0047467C /* Extensions.swift */; };
		E990B5C0228206D10047467C /* SaberOn.wav in Resources */ = {isa = PBXBuildFile; fileRef = E990B5BF228206D10047467C /* SaberOn.wav */; };
		E990B5C3228206F30047467C /* Model.swift in Sources */ = {isa = PBXBuildFile; fileRef = E990B5C2228206F30047467C /* Model.swift */; };
/* End PBXBuildFile section */

/* Begin PBXFileReference section */
		E95073F622849684000BE472 /* SaberOff.mp3 */ = {isa = PBXFileReference; lastKnownFileType = audio.mp3; path = SaberOff.mp3; sourceTree = "<group>"; };
		E990B59A228006950047467C /* Lightsaber.app */ = {isa = PBXFileReference; explicitFileType = wrapper.application; includeInIndex = 0; path = Lightsaber.app; sourceTree = BUILT_PRODUCTS_DIR; };
		E990B59D228006950047467C /* AppDelegate.swift */ = {isa = PBXFileReference; lastKnownFileType = sourcecode.swift; path = AppDelegate.swift; sourceTree = "<group>"; };
		E990B59F228006950047467C /* MainViewController.swift */ = {isa = PBXFileReference; lastKnownFileType = sourcecode.swift; path = MainViewController.swift; sourceTree = "<group>"; };
		E990B5A4228006960047467C /* Assets.xcassets */ = {isa = PBXFileReference; lastKnownFileType = folder.assetcatalog; path = Assets.xcassets; sourceTree = "<group>"; };
		E990B5A7228006960047467C /* Base */ = {isa = PBXFileReference; lastKnownFileType = file.storyboard; name = Base; path = Base.lproj/LaunchScreen.storyboard; sourceTree = "<group>"; };
		E990B5A9228006960047467C /* Info.plist */ = {isa = PBXFileReference; lastKnownFileType = text.plist.xml; path = Info.plist; sourceTree = "<group>"; };
		E990B5B1228006D60047467C /* MainView.swift */ = {isa = PBXFileReference; lastKnownFileType = sourcecode.swift; path = MainView.swift; sourceTree = "<group>"; };
		E990B5BD2280A35E0047467C /* Extensions.swift */ = {isa = PBXFileReference; lastKnownFileType = sourcecode.swift; path = Extensions.swift; sourceTree = "<group>"; };
		E990B5BF228206D10047467C /* SaberOn.wav */ = {isa = PBXFileReference; lastKnownFileType = audio.wav; path = SaberOn.wav; sourceTree = "<group>"; };
		E990B5C2228206F30047467C /* Model.swift */ = {isa = PBXFileReference; lastKnownFileType = sourcecode.swift; path = Model.swift; sourceTree = "<group>"; };
/* End PBXFileReference section */

/* Begin PBXFrameworksBuildPhase section */
		E990B597228006950047467C /* Frameworks */ = {
			isa = PBXFrameworksBuildPhase;
			buildActionMask = 2147483647;
			files = (
			);
			runOnlyForDeploymentPostprocessing = 0;
		};
/* End PBXFrameworksBuildPhase section */

/* Begin PBXGroup section */
		E990B591228006950047467C = {
			isa = PBXGroup;
			children = (
				E990B59C228006950047467C /* Lightsaber */,
				E990B59B228006950047467C /* Products */,
				E990B5BF228206D10047467C /* SaberOn.wav */,
				E95073F622849684000BE472 /* SaberOff.mp3 */,
			);
			sourceTree = "<group>";
		};
		E990B59B228006950047467C /* Products */ = {
			isa = PBXGroup;
			children = (
				E990B59A228006950047467C /* Lightsaber.app */,
			);
			name = Products;
			sourceTree = "<group>";
		};
		E990B59C228006950047467C /* Lightsaber */ = {
			isa = PBXGroup;
			children = (
				E990B59D228006950047467C /* AppDelegate.swift */,
				E990B5C1228206E80047467C /* Model */,
				E990B5B0228006C40047467C /* View */,
				E990B5AF228006BA0047467C /* Controller */,
				E990B5A4228006960047467C /* Assets.xcassets */,
				E990B5A6228006960047467C /* LaunchScreen.storyboard */,
				E990B5A9228006960047467C /* Info.plist */,
				E990B5BD2280A35E0047467C /* Extensions.swift */,
			);
			path = Lightsaber;
			sourceTree = "<group>";
		};
		E990B5AF228006BA0047467C /* Controller */ = {
			isa = PBXGroup;
			children = (
				E990B59F228006950047467C /* MainViewController.swift */,
			);
			path = Controller;
			sourceTree = "<group>";
		};
		E990B5B0228006C40047467C /* View */ = {
			isa = PBXGroup;
			children = (
				E990B5B1228006D60047467C /* MainView.swift */,
			);
			path = View;
			sourceTree = "<group>";
		};
		E990B5C1228206E80047467C /* Model */ = {
			isa = PBXGroup;
			children = (
				E990B5C2228206F30047467C /* Model.swift */,
			);
			path = Model;
			sourceTree = "<group>";
		};
/* End PBXGroup section */

/* Begin PBXNativeTarget section */
		E990B599228006950047467C /* Lightsaber */ = {
			isa = PBXNativeTarget;
			buildConfigurationList = E990B5AC228006960047467C /* Build configuration list for PBXNativeTarget "Lightsaber" */;
			buildPhases = (
				E990B596228006950047467C /* Sources */,
				E990B597228006950047467C /* Frameworks */,
				E990B598228006950047467C /* Resources */,
			);
			buildRules = (
			);
			dependencies = (
			);
			name = Lightsaber;
			productName = Lightsaber;
			productReference = E990B59A228006950047467C /* Lightsaber.app */;
			productType = "com.apple.product-type.application";
		};
/* End PBXNativeTarget section */

/* Begin PBXProject section */
		E990B592228006950047467C /* Project object */ = {
			isa = PBXProject;
			attributes = {
				LastSwiftUpdateCheck = 1020;
				LastUpgradeCheck = 1020;
				ORGANIZATIONNAME = "Sherman Shi";
				TargetAttributes = {
					E990B599228006950047467C = {
						CreatedOnToolsVersion = 10.2.1;
					};
				};
			};
			buildConfigurationList = E990B595228006950047467C /* Build configuration list for PBXProject "Lightsaber" */;
			compatibilityVersion = "Xcode 9.3";
			developmentRegion = en;
			hasScannedForEncodings = 0;
			knownRegions = (
				en,
				Base,
			);
			mainGroup = E990B591228006950047467C;
			productRefGroup = E990B59B228006950047467C /* Products */;
			projectDirPath = "";
			projectRoot = "";
			targets = (
				E990B599228006950047467C /* Lightsaber */,
			);
		};
/* End PBXProject section */

/* Begin PBXResourcesBuildPhase section */
		E990B598228006950047467C /* Resources */ = {
			isa = PBXResourcesBuildPhase;
			buildActionMask = 2147483647;
			files = (
				E990B5C0228206D10047467C /* SaberOn.wav in Resources */,
				E990B5A8228006960047467C /* LaunchScreen.storyboard in Resources */,
				E95073F722849684000BE472 /* SaberOff.mp3 in Resources */,
				E990B5A5228006960047467C /* Assets.xcassets in Resources */,
			);
			runOnlyForDeploymentPostprocessing = 0;
		};
/* End PBXResourcesBuildPhase section */

/* Begin PBXSourcesBuildPhase section */
		E990B596228006950047467C /* Sources */ = {
			isa = PBXSourcesBuildPhase;
			buildActionMask = 2147483647;
			files = (
				E990B5C3228206F30047467C /* Model.swift in Sources */,
				E990B5A0228006950047467C /* MainViewController.swift in Sources */,
				E990B5B2228006D60047467C /* MainView.swift in Sources */,
				E990B59E228006950047467C /* AppDelegate.swift in Sources */,
				E990B5BE2280A35E0047467C /* Extensions.swift in Sources */,
			);
			runOnlyForDeploymentPostprocessing = 0;
		};
/* End PBXSourcesBuildPhase section */

/* Begin PBXVariantGroup section */
		E990B5A6228006960047467C /* LaunchScreen.storyboard */ = {
			isa = PBXVariantGroup;
			children = (
				E990B5A7228006960047467C /* Base */,
			);
			name = LaunchScreen.storyboard;
			sourceTree = "<group>";
		};
/* End PBXVariantGroup section */

/* Begin XCBuildConfiguration section */
		E990B5AA228006960047467C /* Debug */ = {
			isa = XCBuildConfiguration;
			buildSettings = {
				ALWAYS_SEARCH_USER_PATHS = NO;
				CLANG_ANALYZER_NONNULL = YES;
				CLANG_ANALYZER_NUMBER_OBJECT_CONVERSION = YES_AGGRESSIVE;
				CLANG_CXX_LANGUAGE_STANDARD = "gnu++14";
				CLANG_CXX_LIBRARY = "libc++";
				CLANG_ENABLE_MODULES = YES;
				CLANG_ENABLE_OBJC_ARC = YES;
				CLANG_ENABLE_OBJC_WEAK = YES;
				CLANG_WARN_BLOCK_CAPTURE_AUTORELEASING = YES;
				CLANG_WARN_BOOL_CONVERSION = YES;
				CLANG_WARN_COMMA = YES;
				CLANG_WARN_CONSTANT_CONVERSION = YES;
				CLANG_WARN_DEPRECATED_OBJC_IMPLEMENTATIONS = YES;
				CLANG_WARN_DIRECT_OBJC_ISA_USAGE = YES_ERROR;
				CLANG_WARN_DOCUMENTATION_COMMENTS = YES;
				CLANG_WARN_EMPTY_BODY = YES;
				CLANG_WARN_ENUM_CONVERSION = YES;
				CLANG_WARN_INFINITE_RECURSION = YES;
				CLANG_WARN_INT_CONVERSION = YES;
				CLANG_WARN_NON_LITERAL_NULL_CONVERSION = YES;
				CLANG_WARN_OBJC_IMPLICIT_RETAIN_SELF = YES;
				CLANG_WARN_OBJC_LITERAL_CONVERSION = YES;
				CLANG_WARN_OBJC_ROOT_CLASS = YES_ERROR;
				CLANG_WARN_RANGE_LOOP_ANALYSIS = YES;
				CLANG_WARN_STRICT_PROTOTYPES = YES;
				CLANG_WARN_SUSPICIOUS_MOVE = YES;
				CLANG_WARN_UNGUARDED_AVAILABILITY = YES_AGGRESSIVE;
				CLANG_WARN_UNREACHABLE_CODE = YES;
				CLANG_WARN__DUPLICATE_METHOD_MATCH = YES;
				CODE_SIGN_IDENTITY = "iPhone Developer";
				COPY_PHASE_STRIP = NO;
				DEBUG_INFORMATION_FORMAT = dwarf;
				ENABLE_STRICT_OBJC_MSGSEND = YES;
				ENABLE_TESTABILITY = YES;
				GCC_C_LANGUAGE_STANDARD = gnu11;
				GCC_DYNAMIC_NO_PIC = NO;
				GCC_NO_COMMON_BLOCKS = YES;
				GCC_OPTIMIZATION_LEVEL = 0;
				GCC_PREPROCESSOR_DEFINITIONS = (
					"DEBUG=1",
					"$(inherited)",
				);
				GCC_WARN_64_TO_32_BIT_CONVERSION = YES;
				GCC_WARN_ABOUT_RETURN_TYPE = YES_ERROR;
				GCC_WARN_UNDECLARED_SELECTOR = YES;
				GCC_WARN_UNINITIALIZED_AUTOS = YES_AGGRESSIVE;
				GCC_WARN_UNUSED_FUNCTION = YES;
				GCC_WARN_UNUSED_VARIABLE = YES;
				IPHONEOS_DEPLOYMENT_TARGET = 12.2;
				MTL_ENABLE_DEBUG_INFO = INCLUDE_SOURCE;
				MTL_FAST_MATH = YES;
				ONLY_ACTIVE_ARCH = YES;
				SDKROOT = iphoneos;
				SWIFT_ACTIVE_COMPILATION_CONDITIONS = DEBUG;
				SWIFT_OPTIMIZATION_LEVEL = "-Onone";
			};
			name = Debug;
		};
		E990B5AB228006960047467C /* Release */ = {
			isa = XCBuildConfiguration;
			buildSettings = {
				ALWAYS_SEARCH_USER_PATHS = NO;
				CLANG_ANALYZER_NONNULL = YES;
				CLANG_ANALYZER_NUMBER_OBJECT_CONVERSION = YES_AGGRESSIVE;
				CLANG_CXX_LANGUAGE_STANDARD = "gnu++14";
				CLANG_CXX_LIBRARY = "libc++";
				CLANG_ENABLE_MODULES = YES;
				CLANG_ENABLE_OBJC_ARC = YES;
				CLANG_ENABLE_OBJC_WEAK = YES;
				CLANG_WARN_BLOCK_CAPTURE_AUTORELEASING = YES;
				CLANG_WARN_BOOL_CONVERSION = YES;
				CLANG_WARN_COMMA = YES;
				CLANG_WARN_CONSTANT_CONVERSION = YES;
				CLANG_WARN_DEPRECATED_OBJC_IMPLEMENTATIONS = YES;
				CLANG_WARN_DIRECT_OBJC_ISA_USAGE = YES_ERROR;
				CLANG_WARN_DOCUMENTATION_COMMENTS = YES;
				CLANG_WARN_EMPTY_BODY = YES;
				CLANG_WARN_ENUM_CONVERSION = YES;
				CLANG_WARN_INFINITE_RECURSION = YES;
				CLANG_WARN_INT_CONVERSION = YES;
				CLANG_WARN_NON_LITERAL_NULL_CONVERSION = YES;
				CLANG_WARN_OBJC_IMPLICIT_RETAIN_SELF = YES;
				CLANG_WARN_OBJC_LITERAL_CONVERSION = YES;
				CLANG_WARN_OBJC_ROOT_CLASS = YES_ERROR;
				CLANG_WARN_RANGE_LOOP_ANALYSIS = YES;
				CLANG_WARN_STRICT_PROTOTYPES = YES;
				CLANG_WARN_SUSPICIOUS_MOVE = YES;
				CLANG_WARN_UNGUARDED_AVAILABILITY = YES_AGGRESSIVE;
				CLANG_WARN_UNREACHABLE_CODE = YES;
				CLANG_WARN__DUPLICATE_METHOD_MATCH = YES;
				CODE_SIGN_IDENTITY = "iPhone Developer";
				COPY_PHASE_STRIP = NO;
				DEBUG_INFORMATION_FORMAT = "dwarf-with-dsym";
				ENABLE_NS_ASSERTIONS = NO;
				ENABLE_STRICT_OBJC_MSGSEND = YES;
				GCC_C_LANGUAGE_STANDARD = gnu11;
				GCC_NO_COMMON_BLOCKS = YES;
				GCC_WARN_64_TO_32_BIT_CONVERSION = YES;
				GCC_WARN_ABOUT_RETURN_TYPE = YES_ERROR;
				GCC_WARN_UNDECLARED_SELECTOR = YES;
				GCC_WARN_UNINITIALIZED_AUTOS = YES_AGGRESSIVE;
				GCC_WARN_UNUSED_FUNCTION = YES;
				GCC_WARN_UNUSED_VARIABLE = YES;
				IPHONEOS_DEPLOYMENT_TARGET = 12.2;
				MTL_ENABLE_DEBUG_INFO = NO;
				MTL_FAST_MATH = YES;
				SDKROOT = iphoneos;
				SWIFT_COMPILATION_MODE = wholemodule;
				SWIFT_OPTIMIZATION_LEVEL = "-O";
				VALIDATE_PRODUCT = YES;
			};
			name = Release;
		};
		E990B5AD228006960047467C /* Debug */ = {
			isa = XCBuildConfiguration;
			buildSettings = {
				ASSETCATALOG_COMPILER_APPICON_NAME = AppIcon;
				CODE_SIGN_STYLE = Automatic;
				DEVELOPMENT_TEAM = 2KM25VK9CN;
				INFOPLIST_FILE = Lightsaber/Info.plist;
				LD_RUNPATH_SEARCH_PATHS = (
					"$(inherited)",
					"@executable_path/Frameworks",
				);
				PRODUCT_BUNDLE_IDENTIFIER = com.shermanshi.Lightsaber;
				PRODUCT_NAME = "$(TARGET_NAME)";
				SWIFT_VERSION = 5.0;
				TARGETED_DEVICE_FAMILY = "1,2";
			};
			name = Debug;
		};
		E990B5AE228006960047467C /* Release */ = {
			isa = XCBuildConfiguration;
			buildSettings = {
				ASSETCATALOG_COMPILER_APPICON_NAME = AppIcon;
				CODE_SIGN_STYLE = Automatic;
				DEVELOPMENT_TEAM = 2KM25VK9CN;
				INFOPLIST_FILE = Lightsaber/Info.plist;
				LD_RUNPATH_SEARCH_PATHS = (
					"$(inherited)",
					"@executable_path/Frameworks",
				);
				PRODUCT_BUNDLE_IDENTIFIER = com.shermanshi.Lightsaber;
				PRODUCT_NAME = "$(TARGET_NAME)";
				SWIFT_VERSION = 5.0;
				TARGETED_DEVICE_FAMILY = "1,2";
			};
			name = Release;
		};
/* End XCBuildConfiguration section */

/* Begin XCConfigurationList section */
		E990B595228006950047467C /* Build configuration list for PBXProject "Lightsaber" */ = {
			isa = XCConfigurationList;
			buildConfigurations = (
				E990B5AA228006960047467C /* Debug */,
				E990B5AB228006960047467C /* Release */,
			);
			defaultConfigurationIsVisible = 0;
			defaultConfigurationName = Release;
		};
		E990B5AC228006960047467C /* Build configuration list for PBXNativeTarget "Lightsaber" */ = {
			isa = XCConfigurationList;
			buildConfigurations = (
				E990B5AD228006960047467C /* Debug */,
				E990B5AE228006960047467C /* Release */,
			);
			defaultConfigurationIsVisible = 0;
			defaultConfigurationName = Release;
		};
/* End XCConfigurationList section */
	};
	rootObject = E990B592228006950047467C /* Project object */;
}
